
Microsoft Visual Studio Solution File, Format Version 11.00
# Visual Studio 2010
Project("{FAE04EC0-301F-11D3-BF4B-00C04F79EFBC}") = "Assembly-CSharp", "Assembly-CSharp.csproj", "{46A49BA6-EE70-BE19-A993-4F39D3A1AA1D}"
EndProject
Project("{FAE04EC0-301F-11D3-BF4B-00C04F79EFBC}") = "Assembly-CSharp-Editor", "Assembly-CSharp-Editor.csproj", "{0BA1B424-A0AE-6503-776C-C257FD416AF7}"
EndProject
Global
	GlobalSection(SolutionConfigurationPlatforms) = preSolution
		Debug|Any CPU = Debug|Any CPU
		Release|Any CPU = Release|Any CPU
	EndGlobalSection
	GlobalSection(ProjectConfigurationPlatforms) = postSolution
		{46A49BA6-EE70-BE19-A993-4F39D3A1AA1D}.Debug|Any CPU.ActiveCfg = Debug|Any CPU
		{46A49BA6-EE70-BE19-A993-4F39D3A1AA1D}.Debug|Any CPU.Build.0 = Debug|Any CPU
		{46A49BA6-EE70-BE19-A993-4F39D3A1AA1D}.Release|Any CPU.ActiveCfg = Release|Any CPU
		{46A49BA6-EE70-BE19-A993-4F39D3A1AA1D}.Release|Any CPU.Build.0 = Release|Any CPU
		{0BA1B424-A0AE-6503-776C-C257FD416AF7}.Debug|Any CPU.ActiveCfg = Debug|Any CPU
		{0BA1B424-A0AE-6503-776C-C257FD416AF7}.Debug|Any CPU.Build.0 = Debug|Any CPU
		{0BA1B424-A0AE-6503-776C-C257FD416AF7}.Release|Any CPU.ActiveCfg = Release|Any CPU
		{0BA1B424-A0AE-6503-776C-C257FD416AF7}.Release|Any CPU.Build.0 = Release|Any CPU
	EndGlobalSection
	GlobalSection(SolutionProperties) = preSolution
		HideSolutionNode = FALSE
	EndGlobalSection
	GlobalSection(MonoDevelopProperties) = preSolution
		StartupItem = Assembly-CSharp.csproj
	EndGlobalSection
EndGlobal
