
Microsoft Visual Studio Solution File, Format Version 11.00
# Visual Studio 2010
Project("{FAE04EC0-301F-11D3-BF4B-00C04F79EFBC}") = "Assembly-CSharp", "Assembly-CSharp.csproj", "{CCF7A8DB-4B95-5A53-2EEF-46A53E215E5B}"
EndProject
Project("{FAE04EC0-301F-11D3-BF4B-00C04F79EFBC}") = "Assembly-CSharp-Editor", "Assembly-CSharp-Editor.csproj", "{DADBE879-4C2E-A7C0-1C92-A53154F25EB5}"
EndProject
Global
	GlobalSection(SolutionConfigurationPlatforms) = preSolution
		Debug|Any CPU = Debug|Any CPU
		Release|Any CPU = Release|Any CPU
	EndGlobalSection
	GlobalSection(ProjectConfigurationPlatforms) = postSolution
		{CCF7A8DB-4B95-5A53-2EEF-46A53E215E5B}.Debug|Any CPU.ActiveCfg = Debug|Any CPU
		{CCF7A8DB-4B95-5A53-2EEF-46A53E215E5B}.Debug|Any CPU.Build.0 = Debug|Any CPU
		{CCF7A8DB-4B95-5A53-2EEF-46A53E215E5B}.Release|Any CPU.ActiveCfg = Release|Any CPU
		{CCF7A8DB-4B95-5A53-2EEF-46A53E215E5B}.Release|Any CPU.Build.0 = Release|Any CPU
		{DADBE879-4C2E-A7C0-1C92-A53154F25EB5}.Debug|Any CPU.ActiveCfg = Debug|Any CPU
		{DADBE879-4C2E-A7C0-1C92-A53154F25EB5}.Debug|Any CPU.Build.0 = Debug|Any CPU
		{DADBE879-4C2E-A7C0-1C92-A53154F25EB5}.Release|Any CPU.ActiveCfg = Release|Any CPU
		{DADBE879-4C2E-A7C0-1C92-A53154F25EB5}.Release|Any CPU.Build.0 = Release|Any CPU
	EndGlobalSection
	GlobalSection(SolutionProperties) = preSolution
		HideSolutionNode = FALSE
	EndGlobalSection
	GlobalSection(MonoDevelopProperties) = preSolution
		StartupItem = Assembly-CSharp.csproj
	EndGlobalSection
EndGlobal
