
Microsoft Visual Studio Solution File, Format Version 11.00
# Visual Studio 2010
Project("{FAE04EC0-301F-11D3-BF4B-00C04F79EFBC}") = "Assembly-CSharp", "Assembly-CSharp.csproj", "{51359DFF-129B-1780-BF92-BAF272F7054D}"
EndProject
Project("{FAE04EC0-301F-11D3-BF4B-00C04F79EFBC}") = "Assembly-CSharp-Editor", "Assembly-CSharp-Editor.csproj", "{F9C8FB83-0386-705B-B0DD-BAE4E9402484}"
EndProject
Global
	GlobalSection(SolutionConfigurationPlatforms) = preSolution
		Debug|Any CPU = Debug|Any CPU
		Release|Any CPU = Release|Any CPU
	EndGlobalSection
	GlobalSection(ProjectConfigurationPlatforms) = postSolution
		{51359DFF-129B-1780-BF92-BAF272F7054D}.Debug|Any CPU.ActiveCfg = Debug|Any CPU
		{51359DFF-129B-1780-BF92-BAF272F7054D}.Debug|Any CPU.Build.0 = Debug|Any CPU
		{51359DFF-129B-1780-BF92-BAF272F7054D}.Release|Any CPU.ActiveCfg = Release|Any CPU
		{51359DFF-129B-1780-BF92-BAF272F7054D}.Release|Any CPU.Build.0 = Release|Any CPU
		{F9C8FB83-0386-705B-B0DD-BAE4E9402484}.Debug|Any CPU.ActiveCfg = Debug|Any CPU
		{F9C8FB83-0386-705B-B0DD-BAE4E9402484}.Debug|Any CPU.Build.0 = Debug|Any CPU
		{F9C8FB83-0386-705B-B0DD-BAE4E9402484}.Release|Any CPU.ActiveCfg = Release|Any CPU
		{F9C8FB83-0386-705B-B0DD-BAE4E9402484}.Release|Any CPU.Build.0 = Release|Any CPU
	EndGlobalSection
	GlobalSection(SolutionProperties) = preSolution
		HideSolutionNode = FALSE
	EndGlobalSection
	GlobalSection(MonoDevelopProperties) = preSolution
		StartupItem = Assembly-CSharp.csproj
	EndGlobalSection
EndGlobal
